# This file is generated by running "yarn install" inside your project.
# Manual changes might be lost - proceed with caution!

__metadata:
  version: 8
  cacheKey: 10c0

"@types/node@npm:*":
  version: 25.0.0
  resolution: "@types/node@npm:25.0.0"
  dependencies:
    undici-types: "npm:~7.16.0"
  checksum: 10c0/5a10d6f873ad326e46fac923ea4305b7fea3de0cf7e11c835d1fdc99d4b4d0f3f108035432ec1732f505c97d367b9abf618ecbdfb02a75a5306665ecce2a81a6
  languageName: node
  linkType: hard

"@types/sax@npm:1.2.7":
  version: 1.2.7
  resolution: "@types/sax@npm:1.2.7"
  dependencies:
    "@types/node": "npm:*"
  checksum: 10c0/d077a761a0753b079bf8279b3993948030ca86ed9125437b9b29c1de40db9b2deb7fddc369f014b58861d450e8b8cc75f163aa29dc8cea81952efbfd859168cf
  languageName: node
  linkType: hard

"prettier@npm:3.8.3":
  version: 3.8.3
  resolution: "prettier@npm:3.8.3"
  bin:
    prettier: bin/prettier.cjs
  checksum: 10c0/754816fd7593eb80f6376d7476d463e832c38a12f32775a82683adb6e35b772b1f484d65f19401507b983a8c8a7cd5a4a9f12006bd56491e8f35503473f77473
  languageName: node
  linkType: hard

"sax@npm:^1.6.0":
  version: 1.6.0
  resolution: "sax@npm:1.6.0"
  checksum: 10c0/e5593f4a91eb25761a688c4d96902e4e95a0dd6017bc65146b6f21236e3d715cf893333b76bc758923c9574c2fb5a7a76c3a81e96ea15432f2624f906c027c1e
  languageName: node
  linkType: hard

"typescript@npm:6.0.3":
  version: 6.0.3
  resolution: "typescript@npm:6.0.3"
  bin:
    tsc: bin/tsc
    tsserver: bin/tsserver
  checksum: 10c0/4a25ff5045b984370f48f196b3a0120779b1b343d40b9a68d114ea5e5fff099809b2bb777576991a63a5cd59cf7bffd96ff6fe10afcefbcb8bd6fb96ad4b6606
  languageName: node
  linkType: hard

"typescript@patch:typescript@npm%3A6.0.3#optional!builtin<compat/typescript>":
  version: 6.0.3
  resolution: "typescript@patch:typescript@npm%3A6.0.3#optional!builtin<compat/typescript>::version=6.0.3&hash=5786d5"
  bin:
    tsc: bin/tsc
    tsserver: bin/tsserver
  checksum: 10c0/2f25c74e65663c248fa1ade2b8459d9ce5372ff9dad07067310f132966ebec1d93f6c42f0baf77a6b6a7a91460463f708e6887013aaade22111037457c6b25df
  languageName: node
  linkType: hard

"undici-types@npm:~7.16.0":
  version: 7.16.0
  resolution: "undici-types@npm:7.16.0"
  checksum: 10c0/3033e2f2b5c9f1504bdc5934646cb54e37ecaca0f9249c983f7b1fc2e87c6d18399ebb05dc7fd5419e02b2e915f734d872a65da2e3eeed1813951c427d33cc9a
  languageName: node
  linkType: hard

"xmldoc@workspace:.":
  version: 0.0.0-use.local
  resolution: "xmldoc@workspace:."
  dependencies:
    "@types/sax": "npm:1.2.7"
    prettier: "npm:3.8.3"
    sax: "npm:^1.6.0"
    typescript: "npm:6.0.3"
  languageName: unknown
  linkType: soft
